
Microsoft Visual Studio Solution File, Format Version 12.00
# Visual Studio 15
VisualStudioVersion = 15.0.28307.168
MinimumVisualStudioVersion = 10.0.40219.1
Project("{FAE04EC0-301F-11D3-BF4B-00C04F79EFBC}") = "TuxMandados.Android", "TuxMandados\TuxMandados.Android\TuxMandados.Android.csproj", "{C81FD552-EE6B-486C-9BAE-7ED60430BDA4}"
EndProject
Project("{FAE04EC0-301F-11D3-BF4B-00C04F79EFBC}") = "TuxMandados.iOS", "TuxMandados\TuxMandados.iOS\TuxMandados.iOS.csproj", "{18D84AAF-9FBC-4462-9643-772AA099B493}"
EndProject
Project("{9A19103F-16F7-4668-BE54-9A1E7A4F7556}") = "TuxMandados", "TuxMandados\TuxMandados\TuxMandados.csproj", "{22D75688-9281-4947-9841-067E65093454}"
EndProject
Project("{9A19103F-16F7-4668-BE54-9A1E7A4F7556}") = "TuxMandados.Domain", "TuxMandados.Domain\TuxMandados.Domain.csproj", "{54AF79DD-35D3-44F8-9500-4DD3D2559E1B}"
EndProject
Project("{FAE04EC0-301F-11D3-BF4B-00C04F79EFBC}") = "TuxMandados.API", "TuxMandados.API\TuxMandados.API.csproj", "{DE096725-1461-402E-B6CB-80FB2408CCFF}"
EndProject
Project("{FAE04EC0-301F-11D3-BF4B-00C04F79EFBC}") = "TuxMandados.Backend", "TuxMandados.Backend\TuxMandados.Backend.csproj", "{C1E639BC-FD72-4A05-AD82-B81675A733B4}"
EndProject
Global
	GlobalSection(SolutionConfigurationPlatforms) = preSolution
		Ad-Hoc|Any CPU = Ad-Hoc|Any CPU
		Ad-Hoc|iPhone = Ad-Hoc|iPhone
		Ad-Hoc|iPhoneSimulator = Ad-Hoc|iPhoneSimulator
		AppStore|Any CPU = AppStore|Any CPU
		AppStore|iPhone = AppStore|iPhone
		AppStore|iPhoneSimulator = AppStore|iPhoneSimulator
		Debug|Any CPU = Debug|Any CPU
		Debug|iPhone = Debug|iPhone
		Debug|iPhoneSimulator = Debug|iPhoneSimulator
		Release|Any CPU = Release|Any CPU
		Release|iPhone = Release|iPhone
		Release|iPhoneSimulator = Release|iPhoneSimulator
	EndGlobalSection
	GlobalSection(ProjectConfigurationPlatforms) = postSolution
		{C81FD552-EE6B-486C-9BAE-7ED60430BDA4}.Ad-Hoc|Any CPU.ActiveCfg = Release|Any CPU
		{C81FD552-EE6B-486C-9BAE-7ED60430BDA4}.Ad-Hoc|Any CPU.Build.0 = Release|Any CPU
		{C81FD552-EE6B-486C-9BAE-7ED60430BDA4}.Ad-Hoc|Any CPU.Deploy.0 = Release|Any CPU
		{C81FD552-EE6B-486C-9BAE-7ED60430BDA4}.Ad-Hoc|iPhone.ActiveCfg = Release|Any CPU
		{C81FD552-EE6B-486C-9BAE-7ED60430BDA4}.Ad-Hoc|iPhone.Build.0 = Release|Any CPU
		{C81FD552-EE6B-486C-9BAE-7ED60430BDA4}.Ad-Hoc|iPhone.Deploy.0 = Release|Any CPU
		{C81FD552-EE6B-486C-9BAE-7ED60430BDA4}.Ad-Hoc|iPhoneSimulator.ActiveCfg = Release|Any CPU
		{C81FD552-EE6B-486C-9BAE-7ED60430BDA4}.Ad-Hoc|iPhoneSimulator.Build.0 = Release|Any CPU
		{C81FD552-EE6B-486C-9BAE-7ED60430BDA4}.Ad-Hoc|iPhoneSimulator.Deploy.0 = Release|Any CPU
		{C81FD552-EE6B-486C-9BAE-7ED60430BDA4}.AppStore|Any CPU.ActiveCfg = Release|Any CPU
		{C81FD552-EE6B-486C-9BAE-7ED60430BDA4}.AppStore|Any CPU.Build.0 = Release|Any CPU
		{C81FD552-EE6B-486C-9BAE-7ED60430BDA4}.AppStore|Any CPU.Deploy.0 = Release|Any CPU
		{C81FD552-EE6B-486C-9BAE-7ED60430BDA4}.AppStore|iPhone.ActiveCfg = Release|Any CPU
		{C81FD552-EE6B-486C-9BAE-7ED60430BDA4}.AppStore|iPhone.Build.0 = Release|Any CPU
		{C81FD552-EE6B-486C-9BAE-7ED60430BDA4}.AppStore|iPhone.Deploy.0 = Release|Any CPU
		{C81FD552-EE6B-486C-9BAE-7ED60430BDA4}.AppStore|iPhoneSimulator.ActiveCfg = Release|Any CPU
		{C81FD552-EE6B-486C-9BAE-7ED60430BDA4}.AppStore|iPhoneSimulator.Build.0 = Release|Any CPU
		{C81FD552-EE6B-486C-9BAE-7ED60430BDA4}.AppStore|iPhoneSimulator.Deploy.0 = Release|Any CPU
		{C81FD552-EE6B-486C-9BAE-7ED60430BDA4}.Debug|Any CPU.ActiveCfg = Debug|Any CPU
		{C81FD552-EE6B-486C-9BAE-7ED60430BDA4}.Debug|Any CPU.Build.0 = Debug|Any CPU
		{C81FD552-EE6B-486C-9BAE-7ED60430BDA4}.Debug|Any CPU.Deploy.0 = Debug|Any CPU
		{C81FD552-EE6B-486C-9BAE-7ED60430BDA4}.Debug|iPhone.ActiveCfg = Debug|Any CPU
		{C81FD552-EE6B-486C-9BAE-7ED60430BDA4}.Debug|iPhone.Build.0 = Debug|Any CPU
		{C81FD552-EE6B-486C-9BAE-7ED60430BDA4}.Debug|iPhone.Deploy.0 = Debug|Any CPU
		{C81FD552-EE6B-486C-9BAE-7ED60430BDA4}.Debug|iPhoneSimulator.ActiveCfg = Debug|Any CPU
		{C81FD552-EE6B-486C-9BAE-7ED60430BDA4}.Debug|iPhoneSimulator.Build.0 = Debug|Any CPU
		{C81FD552-EE6B-486C-9BAE-7ED60430BDA4}.Debug|iPhoneSimulator.Deploy.0 = Debug|Any CPU
		{C81FD552-EE6B-486C-9BAE-7ED60430BDA4}.Release|Any CPU.ActiveCfg = Release|Any CPU
		{C81FD552-EE6B-486C-9BAE-7ED60430BDA4}.Release|Any CPU.Build.0 = Release|Any CPU
		{C81FD552-EE6B-486C-9BAE-7ED60430BDA4}.Release|Any CPU.Deploy.0 = Release|Any CPU
		{C81FD552-EE6B-486C-9BAE-7ED60430BDA4}.Release|iPhone.ActiveCfg = Release|Any CPU
		{C81FD552-EE6B-486C-9BAE-7ED60430BDA4}.Release|iPhone.Build.0 = Release|Any CPU
		{C81FD552-EE6B-486C-9BAE-7ED60430BDA4}.Release|iPhone.Deploy.0 = Release|Any CPU
		{C81FD552-EE6B-486C-9BAE-7ED60430BDA4}.Release|iPhoneSimulator.ActiveCfg = Release|Any CPU
		{C81FD552-EE6B-486C-9BAE-7ED60430BDA4}.Release|iPhoneSimulator.Build.0 = Release|Any CPU
		{C81FD552-EE6B-486C-9BAE-7ED60430BDA4}.Release|iPhoneSimulator.Deploy.0 = Release|Any CPU
		{18D84AAF-9FBC-4462-9643-772AA099B493}.Ad-Hoc|Any CPU.ActiveCfg = Ad-Hoc|iPhone
		{18D84AAF-9FBC-4462-9643-772AA099B493}.Ad-Hoc|Any CPU.Build.0 = Ad-Hoc|iPhone
		{18D84AAF-9FBC-4462-9643-772AA099B493}.Ad-Hoc|Any CPU.Deploy.0 = Ad-Hoc|iPhone
		{18D84AAF-9FBC-4462-9643-772AA099B493}.Ad-Hoc|iPhone.ActiveCfg = Ad-Hoc|iPhone
		{18D84AAF-9FBC-4462-9643-772AA099B493}.Ad-Hoc|iPhone.Build.0 = Ad-Hoc|iPhone
		{18D84AAF-9FBC-4462-9643-772AA099B493}.Ad-Hoc|iPhone.Deploy.0 = Ad-Hoc|iPhone
		{18D84AAF-9FBC-4462-9643-772AA099B493}.Ad-Hoc|iPhoneSimulator.ActiveCfg = Ad-Hoc|iPhoneSimulator
		{18D84AAF-9FBC-4462-9643-772AA099B493}.Ad-Hoc|iPhoneSimulator.Build.0 = Ad-Hoc|iPhoneSimulator
		{18D84AAF-9FBC-4462-9643-772AA099B493}.Ad-Hoc|iPhoneSimulator.Deploy.0 = Ad-Hoc|iPhoneSimulator
		{18D84AAF-9FBC-4462-9643-772AA099B493}.AppStore|Any CPU.ActiveCfg = AppStore|iPhone
		{18D84AAF-9FBC-4462-9643-772AA099B493}.AppStore|Any CPU.Build.0 = AppStore|iPhone
		{18D84AAF-9FBC-4462-9643-772AA099B493}.AppStore|Any CPU.Deploy.0 = AppStore|iPhone
		{18D84AAF-9FBC-4462-9643-772AA099B493}.AppStore|iPhone.ActiveCfg = AppStore|iPhone
		{18D84AAF-9FBC-4462-9643-772AA099B493}.AppStore|iPhone.Build.0 = AppStore|iPhone
		{18D84AAF-9FBC-4462-9643-772AA099B493}.AppStore|iPhone.Deploy.0 = AppStore|iPhone
		{18D84AAF-9FBC-4462-9643-772AA099B493}.AppStore|iPhoneSimulator.ActiveCfg = AppStore|iPhoneSimulator
		{18D84AAF-9FBC-4462-9643-772AA099B493}.AppStore|iPhoneSimulator.Build.0 = AppStore|iPhoneSimulator
		{18D84AAF-9FBC-4462-9643-772AA099B493}.AppStore|iPhoneSimulator.Deploy.0 = AppStore|iPhoneSimulator
		{18D84AAF-9FBC-4462-9643-772AA099B493}.Debug|Any CPU.ActiveCfg = Debug|iPhoneSimulator
		{18D84AAF-9FBC-4462-9643-772AA099B493}.Debug|Any CPU.Build.0 = Debug|iPhoneSimulator
		{18D84AAF-9FBC-4462-9643-772AA099B493}.Debug|Any CPU.Deploy.0 = Debug|iPhoneSimulator
		{18D84AAF-9FBC-4462-9643-772AA099B493}.Debug|iPhone.ActiveCfg = Debug|iPhone
		{18D84AAF-9FBC-4462-9643-772AA099B493}.Debug|iPhone.Build.0 = Debug|iPhone
		{18D84AAF-9FBC-4462-9643-772AA099B493}.Debug|iPhone.Deploy.0 = Debug|iPhone
		{18D84AAF-9FBC-4462-9643-772AA099B493}.Debug|iPhoneSimulator.ActiveCfg = Debug|iPhoneSimulator
		{18D84AAF-9FBC-4462-9643-772AA099B493}.Debug|iPhoneSimulator.Build.0 = Debug|iPhoneSimulator
		{18D84AAF-9FBC-4462-9643-772AA099B493}.Debug|iPhoneSimulator.Deploy.0 = Debug|iPhoneSimulator
		{18D84AAF-9FBC-4462-9643-772AA099B493}.Release|Any CPU.ActiveCfg = Release|iPhone
		{18D84AAF-9FBC-4462-9643-772AA099B493}.Release|Any CPU.Build.0 = Release|iPhone
		{18D84AAF-9FBC-4462-9643-772AA099B493}.Release|Any CPU.Deploy.0 = Release|iPhone
		{18D84AAF-9FBC-4462-9643-772AA099B493}.Release|iPhone.ActiveCfg = Release|iPhone
		{18D84AAF-9FBC-4462-9643-772AA099B493}.Release|iPhone.Build.0 = Release|iPhone
		{18D84AAF-9FBC-4462-9643-772AA099B493}.Release|iPhone.Deploy.0 = Release|iPhone
		{18D84AAF-9FBC-4462-9643-772AA099B493}.Release|iPhoneSimulator.ActiveCfg = Release|iPhoneSimulator
		{18D84AAF-9FBC-4462-9643-772AA099B493}.Release|iPhoneSimulator.Build.0 = Release|iPhoneSimulator
		{18D84AAF-9FBC-4462-9643-772AA099B493}.Release|iPhoneSimulator.Deploy.0 = Release|iPhoneSimulator
		{22D75688-9281-4947-9841-067E65093454}.Ad-Hoc|Any CPU.ActiveCfg = Debug|Any CPU
		{22D75688-9281-4947-9841-067E65093454}.Ad-Hoc|Any CPU.Build.0 = Debug|Any CPU
		{22D75688-9281-4947-9841-067E65093454}.Ad-Hoc|Any CPU.Deploy.0 = Debug|Any CPU
		{22D75688-9281-4947-9841-067E65093454}.Ad-Hoc|iPhone.ActiveCfg = Debug|Any CPU
		{22D75688-9281-4947-9841-067E65093454}.Ad-Hoc|iPhone.Build.0 = Debug|Any CPU
		{22D75688-9281-4947-9841-067E65093454}.Ad-Hoc|iPhone.Deploy.0 = Debug|Any CPU
		{22D75688-9281-4947-9841-067E65093454}.Ad-Hoc|iPhoneSimulator.ActiveCfg = Debug|Any CPU
		{22D75688-9281-4947-9841-067E65093454}.Ad-Hoc|iPhoneSimulator.Build.0 = Debug|Any CPU
		{22D75688-9281-4947-9841-067E65093454}.Ad-Hoc|iPhoneSimulator.Deploy.0 = Debug|Any CPU
		{22D75688-9281-4947-9841-067E65093454}.AppStore|Any CPU.ActiveCfg = Debug|Any CPU
		{22D75688-9281-4947-9841-067E65093454}.AppStore|Any CPU.Build.0 = Debug|Any CPU
		{22D75688-9281-4947-9841-067E65093454}.AppStore|Any CPU.Deploy.0 = Debug|Any CPU
		{22D75688-9281-4947-9841-067E65093454}.AppStore|iPhone.ActiveCfg = Debug|Any CPU
		{22D75688-9281-4947-9841-067E65093454}.AppStore|iPhone.Build.0 = Debug|Any CPU
		{22D75688-9281-4947-9841-067E65093454}.AppStore|iPhone.Deploy.0 = Debug|Any CPU
		{22D75688-9281-4947-9841-067E65093454}.AppStore|iPhoneSimulator.ActiveCfg = Debug|Any CPU
		{22D75688-9281-4947-9841-067E65093454}.AppStore|iPhoneSimulator.Build.0 = Debug|Any CPU
		{22D75688-9281-4947-9841-067E65093454}.AppStore|iPhoneSimulator.Deploy.0 = Debug|Any CPU
		{22D75688-9281-4947-9841-067E65093454}.Debug|Any CPU.ActiveCfg = Debug|Any CPU
		{22D75688-9281-4947-9841-067E65093454}.Debug|Any CPU.Build.0 = Debug|Any CPU
		{22D75688-9281-4947-9841-067E65093454}.Debug|Any CPU.Deploy.0 = Debug|Any CPU
		{22D75688-9281-4947-9841-067E65093454}.Debug|iPhone.ActiveCfg = Debug|Any CPU
		{22D75688-9281-4947-9841-067E65093454}.Debug|iPhone.Build.0 = Debug|Any CPU
		{22D75688-9281-4947-9841-067E65093454}.Debug|iPhone.Deploy.0 = Debug|Any CPU
		{22D75688-9281-4947-9841-067E65093454}.Debug|iPhoneSimulator.ActiveCfg = Debug|Any CPU
		{22D75688-9281-4947-9841-067E65093454}.Debug|iPhoneSimulator.Build.0 = Debug|Any CPU
		{22D75688-9281-4947-9841-067E65093454}.Debug|iPhoneSimulator.Deploy.0 = Debug|Any CPU
		{22D75688-9281-4947-9841-067E65093454}.Release|Any CPU.ActiveCfg = Release|Any CPU
		{22D75688-9281-4947-9841-067E65093454}.Release|Any CPU.Build.0 = Release|Any CPU
		{22D75688-9281-4947-9841-067E65093454}.Release|Any CPU.Deploy.0 = Release|Any CPU
		{22D75688-9281-4947-9841-067E65093454}.Release|iPhone.ActiveCfg = Release|Any CPU
		{22D75688-9281-4947-9841-067E65093454}.Release|iPhone.Build.0 = Release|Any CPU
		{22D75688-9281-4947-9841-067E65093454}.Release|iPhone.Deploy.0 = Release|Any CPU
		{22D75688-9281-4947-9841-067E65093454}.Release|iPhoneSimulator.ActiveCfg = Release|Any CPU
		{22D75688-9281-4947-9841-067E65093454}.Release|iPhoneSimulator.Build.0 = Release|Any CPU
		{22D75688-9281-4947-9841-067E65093454}.Release|iPhoneSimulator.Deploy.0 = Release|Any CPU
		{54AF79DD-35D3-44F8-9500-4DD3D2559E1B}.Ad-Hoc|Any CPU.ActiveCfg = Debug|Any CPU
		{54AF79DD-35D3-44F8-9500-4DD3D2559E1B}.Ad-Hoc|Any CPU.Build.0 = Debug|Any CPU
		{54AF79DD-35D3-44F8-9500-4DD3D2559E1B}.Ad-Hoc|iPhone.ActiveCfg = Debug|Any CPU
		{54AF79DD-35D3-44F8-9500-4DD3D2559E1B}.Ad-Hoc|iPhone.Build.0 = Debug|Any CPU
		{54AF79DD-35D3-44F8-9500-4DD3D2559E1B}.Ad-Hoc|iPhoneSimulator.ActiveCfg = Debug|Any CPU
		{54AF79DD-35D3-44F8-9500-4DD3D2559E1B}.Ad-Hoc|iPhoneSimulator.Build.0 = Debug|Any CPU
		{54AF79DD-35D3-44F8-9500-4DD3D2559E1B}.AppStore|Any CPU.ActiveCfg = Debug|Any CPU
		{54AF79DD-35D3-44F8-9500-4DD3D2559E1B}.AppStore|Any CPU.Build.0 = Debug|Any CPU
		{54AF79DD-35D3-44F8-9500-4DD3D2559E1B}.AppStore|iPhone.ActiveCfg = Debug|Any CPU
		{54AF79DD-35D3-44F8-9500-4DD3D2559E1B}.AppStore|iPhone.Build.0 = Debug|Any CPU
		{54AF79DD-35D3-44F8-9500-4DD3D2559E1B}.AppStore|iPhoneSimulator.ActiveCfg = Debug|Any CPU
		{54AF79DD-35D3-44F8-9500-4DD3D2559E1B}.AppStore|iPhoneSimulator.Build.0 = Debug|Any CPU
		{54AF79DD-35D3-44F8-9500-4DD3D2559E1B}.Debug|Any CPU.ActiveCfg = Debug|Any CPU
		{54AF79DD-35D3-44F8-9500-4DD3D2559E1B}.Debug|Any CPU.Build.0 = Debug|Any CPU
		{54AF79DD-35D3-44F8-9500-4DD3D2559E1B}.Debug|iPhone.ActiveCfg = Debug|Any CPU
		{54AF79DD-35D3-44F8-9500-4DD3D2559E1B}.Debug|iPhone.Build.0 = Debug|Any CPU
		{54AF79DD-35D3-44F8-9500-4DD3D2559E1B}.Debug|iPhoneSimulator.ActiveCfg = Debug|Any CPU
		{54AF79DD-35D3-44F8-9500-4DD3D2559E1B}.Debug|iPhoneSimulator.Build.0 = Debug|Any CPU
		{54AF79DD-35D3-44F8-9500-4DD3D2559E1B}.Release|Any CPU.ActiveCfg = Release|Any CPU
		{54AF79DD-35D3-44F8-9500-4DD3D2559E1B}.Release|Any CPU.Build.0 = Release|Any CPU
		{54AF79DD-35D3-44F8-9500-4DD3D2559E1B}.Release|iPhone.ActiveCfg = Release|Any CPU
		{54AF79DD-35D3-44F8-9500-4DD3D2559E1B}.Release|iPhone.Build.0 = Release|Any CPU
		{54AF79DD-35D3-44F8-9500-4DD3D2559E1B}.Release|iPhoneSimulator.ActiveCfg = Release|Any CPU
		{54AF79DD-35D3-44F8-9500-4DD3D2559E1B}.Release|iPhoneSimulator.Build.0 = Release|Any CPU
		{DE096725-1461-402E-B6CB-80FB2408CCFF}.Ad-Hoc|Any CPU.ActiveCfg = Release|Any CPU
		{DE096725-1461-402E-B6CB-80FB2408CCFF}.Ad-Hoc|Any CPU.Build.0 = Release|Any CPU
		{DE096725-1461-402E-B6CB-80FB2408CCFF}.Ad-Hoc|iPhone.ActiveCfg = Release|Any CPU
		{DE096725-1461-402E-B6CB-80FB2408CCFF}.Ad-Hoc|iPhone.Build.0 = Release|Any CPU
		{DE096725-1461-402E-B6CB-80FB2408CCFF}.Ad-Hoc|iPhoneSimulator.ActiveCfg = Release|Any CPU
		{DE096725-1461-402E-B6CB-80FB2408CCFF}.Ad-Hoc|iPhoneSimulator.Build.0 = Release|Any CPU
		{DE096725-1461-402E-B6CB-80FB2408CCFF}.AppStore|Any CPU.ActiveCfg = Release|Any CPU
		{DE096725-1461-402E-B6CB-80FB2408CCFF}.AppStore|Any CPU.Build.0 = Release|Any CPU
		{DE096725-1461-402E-B6CB-80FB2408CCFF}.AppStore|iPhone.ActiveCfg = Release|Any CPU
		{DE096725-1461-402E-B6CB-80FB2408CCFF}.AppStore|iPhone.Build.0 = Release|Any CPU
		{DE096725-1461-402E-B6CB-80FB2408CCFF}.AppStore|iPhoneSimulator.ActiveCfg = Release|Any CPU
		{DE096725-1461-402E-B6CB-80FB2408CCFF}.AppStore|iPhoneSimulator.Build.0 = Release|Any CPU
		{DE096725-1461-402E-B6CB-80FB2408CCFF}.Debug|Any CPU.ActiveCfg = Debug|Any CPU
		{DE096725-1461-402E-B6CB-80FB2408CCFF}.Debug|Any CPU.Build.0 = Debug|Any CPU
		{DE096725-1461-402E-B6CB-80FB2408CCFF}.Debug|iPhone.ActiveCfg = Debug|Any CPU
		{DE096725-1461-402E-B6CB-80FB2408CCFF}.Debug|iPhone.Build.0 = Debug|Any CPU
		{DE096725-1461-402E-B6CB-80FB2408CCFF}.Debug|iPhoneSimulator.ActiveCfg = Debug|Any CPU
		{DE096725-1461-402E-B6CB-80FB2408CCFF}.Debug|iPhoneSimulator.Build.0 = Debug|Any CPU
		{DE096725-1461-402E-B6CB-80FB2408CCFF}.Release|Any CPU.ActiveCfg = Release|Any CPU
		{DE096725-1461-402E-B6CB-80FB2408CCFF}.Release|Any CPU.Build.0 = Release|Any CPU
		{DE096725-1461-402E-B6CB-80FB2408CCFF}.Release|iPhone.ActiveCfg = Release|Any CPU
		{DE096725-1461-402E-B6CB-80FB2408CCFF}.Release|iPhone.Build.0 = Release|Any CPU
		{DE096725-1461-402E-B6CB-80FB2408CCFF}.Release|iPhoneSimulator.ActiveCfg = Release|Any CPU
		{DE096725-1461-402E-B6CB-80FB2408CCFF}.Release|iPhoneSimulator.Build.0 = Release|Any CPU
		{C1E639BC-FD72-4A05-AD82-B81675A733B4}.Ad-Hoc|Any CPU.ActiveCfg = Release|Any CPU
		{C1E639BC-FD72-4A05-AD82-B81675A733B4}.Ad-Hoc|Any CPU.Build.0 = Release|Any CPU
		{C1E639BC-FD72-4A05-AD82-B81675A733B4}.Ad-Hoc|iPhone.ActiveCfg = Release|Any CPU
		{C1E639BC-FD72-4A05-AD82-B81675A733B4}.Ad-Hoc|iPhone.Build.0 = Release|Any CPU
		{C1E639BC-FD72-4A05-AD82-B81675A733B4}.Ad-Hoc|iPhoneSimulator.ActiveCfg = Release|Any CPU
		{C1E639BC-FD72-4A05-AD82-B81675A733B4}.Ad-Hoc|iPhoneSimulator.Build.0 = Release|Any CPU
		{C1E639BC-FD72-4A05-AD82-B81675A733B4}.AppStore|Any CPU.ActiveCfg = Release|Any CPU
		{C1E639BC-FD72-4A05-AD82-B81675A733B4}.AppStore|Any CPU.Build.0 = Release|Any CPU
		{C1E639BC-FD72-4A05-AD82-B81675A733B4}.AppStore|iPhone.ActiveCfg = Release|Any CPU
		{C1E639BC-FD72-4A05-AD82-B81675A733B4}.AppStore|iPhone.Build.0 = Release|Any CPU
		{C1E639BC-FD72-4A05-AD82-B81675A733B4}.AppStore|iPhoneSimulator.ActiveCfg = Release|Any CPU
		{C1E639BC-FD72-4A05-AD82-B81675A733B4}.AppStore|iPhoneSimulator.Build.0 = Release|Any CPU
		{C1E639BC-FD72-4A05-AD82-B81675A733B4}.Debug|Any CPU.ActiveCfg = Debug|Any CPU
		{C1E639BC-FD72-4A05-AD82-B81675A733B4}.Debug|Any CPU.Build.0 = Debug|Any CPU
		{C1E639BC-FD72-4A05-AD82-B81675A733B4}.Debug|iPhone.ActiveCfg = Debug|Any CPU
		{C1E639BC-FD72-4A05-AD82-B81675A733B4}.Debug|iPhone.Build.0 = Debug|Any CPU
		{C1E639BC-FD72-4A05-AD82-B81675A733B4}.Debug|iPhoneSimulator.ActiveCfg = Debug|Any CPU
		{C1E639BC-FD72-4A05-AD82-B81675A733B4}.Debug|iPhoneSimulator.Build.0 = Debug|Any CPU
		{C1E639BC-FD72-4A05-AD82-B81675A733B4}.Release|Any CPU.ActiveCfg = Release|Any CPU
		{C1E639BC-FD72-4A05-AD82-B81675A733B4}.Release|Any CPU.Build.0 = Release|Any CPU
		{C1E639BC-FD72-4A05-AD82-B81675A733B4}.Release|iPhone.ActiveCfg = Release|Any CPU
		{C1E639BC-FD72-4A05-AD82-B81675A733B4}.Release|iPhone.Build.0 = Release|Any CPU
		{C1E639BC-FD72-4A05-AD82-B81675A733B4}.Release|iPhoneSimulator.ActiveCfg = Release|Any CPU
		{C1E639BC-FD72-4A05-AD82-B81675A733B4}.Release|iPhoneSimulator.Build.0 = Release|Any CPU
	EndGlobalSection
	GlobalSection(SolutionProperties) = preSolution
		HideSolutionNode = FALSE
	EndGlobalSection
	GlobalSection(ExtensibilityGlobals) = postSolution
		SolutionGuid = {CF89058F-94E4-4F86-BB13-4160448C4E9E}
	EndGlobalSection
EndGlobal
